
Microsoft Visual Studio Solution File, Format Version 12.00
# Visual Studio Version 16
VisualStudioVersion = 16.0.29418.71
MinimumVisualStudioVersion = 10.0.40219.1
Project("{FAE04EC0-301F-11D3-BF4B-00C04F79EFBC}") = "Cw1", "Cw1\Cw1.csproj", "{FC01D98E-A66E-4643-B77F-2BAF40D2BAC5}"
EndProject
Global
	GlobalSection(SolutionConfigurationPlatforms) = preSolution
		Debug|Any CPU = Debug|Any CPU
		Release|Any CPU = Release|Any CPU
	EndGlobalSection
	GlobalSection(ProjectConfigurationPlatforms) = postSolution
		{FC01D98E-A66E-4643-B77F-2BAF40D2BAC5}.Debug|Any CPU.ActiveCfg = Debug|Any CPU
		{FC01D98E-A66E-4643-B77F-2BAF40D2BAC5}.Debug|Any CPU.Build.0 = Debug|Any CPU
		{FC01D98E-A66E-4643-B77F-2BAF40D2BAC5}.Release|Any CPU.ActiveCfg = Release|Any CPU
		{FC01D98E-A66E-4643-B77F-2BAF40D2BAC5}.Release|Any CPU.Build.0 = Release|Any CPU
	EndGlobalSection
	GlobalSection(SolutionProperties) = preSolution
		HideSolutionNode = FALSE
	EndGlobalSection
	GlobalSection(ExtensibilityGlobals) = postSolution
		SolutionGuid = {7A8EDCC5-8811-4C45-8717-C909EFCBF2F5}
	EndGlobalSection
EndGlobal
